// !$*UTF8*$!
{
	archiveVersion = 1;
	classes = {
	};
	objectVersion = 46;
	objects = {

/* Begin PBXBuildFile section */
		FD10AC7C1BEA77DE00868299 /* TestVC.m in Sources */ = {isa = PBXBuildFile; fileRef = FD10AC7B1BEA77DE00868299 /* TestVC.m */; };
		FD76C6551BD3B6D20065910D /* UIView+AdjustFrame.m in Sources */ = {isa = PBXBuildFile; fileRef = FD76C6541BD3B6D20065910D /* UIView+AdjustFrame.m */; };
		FD76C6581BD3C66C0065910D /* NVController.m in Sources */ = {isa = PBXBuildFile; fileRef = FD76C6571BD3C66C0065910D /* NVController.m */; };
		FD7B775A1BD38C4C0012F9E5 /* main.m in Sources */ = {isa = PBXBuildFile; fileRef = FD7B77591BD38C4C0012F9E5 /* main.m */; };
		FD7B775D1BD38C4C0012F9E5 /* AppDelegate.m in Sources */ = {isa = PBXBuildFile; fileRef = FD7B775C1BD38C4C0012F9E5 /* AppDelegate.m */; };
		FD7B77631BD38C4C0012F9E5 /* Main.storyboard in Resources */ = {isa = PBXBuildFile; fileRef = FD7B77611BD38C4C0012F9E5 /* Main.storyboard */; };
		FD7B77651BD38C4C0012F9E5 /* Assets.xcassets in Resources */ = {isa = PBXBuildFile; fileRef = FD7B77641BD38C4C0012F9E5 /* Assets.xcassets */; };
		FD7B77681BD38C4C0012F9E5 /* LaunchScreen.storyboard in Resources */ = {isa = PBXBuildFile; fileRef = FD7B77661BD38C4C0012F9E5 /* LaunchScreen.storyboard */; };
		FD7B77721BD38CA90012F9E5 /* UIView+AutoLayout.m in Sources */ = {isa = PBXBuildFile; fileRef = FD7B77711BD38CA90012F9E5 /* UIView+AutoLayout.m */; };
		FD7B77751BD38D500012F9E5 /* TableViewController.m in Sources */ = {isa = PBXBuildFile; fileRef = FD7B77741BD38D500012F9E5 /* TableViewController.m */; };
		FD7B777B1BD393A60012F9E5 /* NormalViewController.m in Sources */ = {isa = PBXBuildFile; fileRef = FD7B777A1BD393A60012F9E5 /* NormalViewController.m */; };
		FD7B777E1BD393D80012F9E5 /* FillViewController.m in Sources */ = {isa = PBXBuildFile; fileRef = FD7B777D1BD393D80012F9E5 /* FillViewController.m */; };
		FD7B77811BD3940F0012F9E5 /* ChildFillViewController.m in Sources */ = {isa = PBXBuildFile; fileRef = FD7B77801BD3940F0012F9E5 /* ChildFillViewController.m */; };
/* End PBXBuildFile section */

/* Begin PBXFileReference section */
		FD10AC7A1BEA77DE00868299 /* TestVC.h */ = {isa = PBXFileReference; fileEncoding = 4; lastKnownFileType = sourcecode.c.h; path = TestVC.h; sourceTree = "<group>"; };
		FD10AC7B1BEA77DE00868299 /* TestVC.m */ = {isa = PBXFileReference; fileEncoding = 4; lastKnownFileType = sourcecode.c.objc; path = TestVC.m; sourceTree = "<group>"; };
		FD76C6531BD3B6D20065910D /* UIView+AdjustFrame.h */ = {isa = PBXFileReference; fileEncoding = 4; lastKnownFileType = sourcecode.c.h; path = "UIView+AdjustFrame.h"; sourceTree = "<group>"; };
		FD76C6541BD3B6D20065910D /* UIView+AdjustFrame.m */ = {isa = PBXFileReference; fileEncoding = 4; lastKnownFileType = sourcecode.c.objc; path = "UIView+AdjustFrame.m"; sourceTree = "<group>"; };
		FD76C6561BD3C66C0065910D /* NVController.h */ = {isa = PBXFileReference; fileEncoding = 4; lastKnownFileType = sourcecode.c.h; path = NVController.h; sourceTree = "<group>"; };
		FD76C6571BD3C66C0065910D /* NVController.m */ = {isa = PBXFileReference; fileEncoding = 4; lastKnownFileType = sourcecode.c.objc; path = NVController.m; sourceTree = "<group>"; };
		FD7B77551BD38C4C0012F9E5 /* XXAutoLayout_OC.app */ = {isa = PBXFileReference; explicitFileType = wrapper.application; includeInIndex = 0; path = XXAutoLayout_OC.app; sourceTree = BUILT_PRODUCTS_DIR; };
		FD7B77591BD38C4C0012F9E5 /* main.m */ = {isa = PBXFileReference; lastKnownFileType = sourcecode.c.objc; path = main.m; sourceTree = "<group>"; };
		FD7B775B1BD38C4C0012F9E5 /* AppDelegate.h */ = {isa = PBXFileReference; lastKnownFileType = sourcecode.c.h; path = AppDelegate.h; sourceTree = "<group>"; };
		FD7B775C1BD38C4C0012F9E5 /* AppDelegate.m */ = {isa = PBXFileReference; lastKnownFileType = sourcecode.c.objc; path = AppDelegate.m; sourceTree = "<group>"; };
		FD7B77621BD38C4C0012F9E5 /* Base */ = {isa = PBXFileReference; lastKnownFileType = file.storyboard; name = Base; path = Base.lproj/Main.storyboard; sourceTree = "<group>"; };
		FD7B77641BD38C4C0012F9E5 /* Assets.xcassets */ = {isa = PBXFileReference; lastKnownFileType = folder.assetcatalog; path = Assets.xcassets; sourceTree = "<group>"; };
		FD7B77671BD38C4C0012F9E5 /* Base */ = {isa = PBXFileReference; lastKnownFileType = file.storyboard; name = Base; path = Base.lproj/LaunchScreen.storyboard; sourceTree = "<group>"; };
		FD7B77691BD38C4C0012F9E5 /* Info.plist */ = {isa = PBXFileReference; lastKnownFileType = text.plist.xml; path = Info.plist; sourceTree = "<group>"; };
		FD7B77701BD38CA90012F9E5 /* UIView+AutoLayout.h */ = {isa = PBXFileReference; fileEncoding = 4; lastKnownFileType = sourcecode.c.h; path = "UIView+AutoLayout.h"; sourceTree = "<group>"; };
		FD7B77711BD38CA90012F9E5 /* UIView+AutoLayout.m */ = {isa = PBXFileReference; fileEncoding = 4; lastKnownFileType = sourcecode.c.objc; path = "UIView+AutoLayout.m"; sourceTree = "<group>"; };
		FD7B77731BD38D500012F9E5 /* TableViewController.h */ = {isa = PBXFileReference; fileEncoding = 4; lastKnownFileType = sourcecode.c.h; path = TableViewController.h; sourceTree = "<group>"; };
		FD7B77741BD38D500012F9E5 /* TableViewController.m */ = {isa = PBXFileReference; fileEncoding = 4; lastKnownFileType = sourcecode.c.objc; path = TableViewController.m; sourceTree = "<group>"; };
		FD7B77791BD393A60012F9E5 /* NormalViewController.h */ = {isa = PBXFileReference; fileEncoding = 4; lastKnownFileType = sourcecode.c.h; path = NormalViewController.h; sourceTree = "<group>"; };
		FD7B777A1BD393A60012F9E5 /* NormalViewController.m */ = {isa = PBXFileReference; fileEncoding = 4; lastKnownFileType = sourcecode.c.objc; path = NormalViewController.m; sourceTree = "<group>"; };
		FD7B777C1BD393D80012F9E5 /* FillViewController.h */ = {isa = PBXFileReference; fileEncoding = 4; lastKnownFileType = sourcecode.c.h; path = FillViewController.h; sourceTree = "<group>"; };
		FD7B777D1BD393D80012F9E5 /* FillViewController.m */ = {isa = PBXFileReference; fileEncoding = 4; lastKnownFileType = sourcecode.c.objc; path = FillViewController.m; sourceTree = "<group>"; };
		FD7B777F1BD3940F0012F9E5 /* ChildFillViewController.h */ = {isa = PBXFileReference; fileEncoding = 4; lastKnownFileType = sourcecode.c.h; path = ChildFillViewController.h; sourceTree = "<group>"; };
		FD7B77801BD3940F0012F9E5 /* ChildFillViewController.m */ = {isa = PBXFileReference; fileEncoding = 4; lastKnownFileType = sourcecode.c.objc; path = ChildFillViewController.m; sourceTree = "<group>"; };
/* End PBXFileReference section */

/* Begin PBXFrameworksBuildPhase section */
		FD7B77521BD38C4C0012F9E5 /* Frameworks */ = {
			isa = PBXFrameworksBuildPhase;
			buildActionMask = 2147483647;
			files = (
			);
			runOnlyForDeploymentPostprocessing = 0;
		};
/* End PBXFrameworksBuildPhase section */

/* Begin PBXGroup section */
		FD7B774C1BD38C4C0012F9E5 = {
			isa = PBXGroup;
			children = (
				FD7B77571BD38C4C0012F9E5 /* XXAutoLayout_OC */,
				FD7B77561BD38C4C0012F9E5 /* Products */,
			);
			sourceTree = "<group>";
		};
		FD7B77561BD38C4C0012F9E5 /* Products */ = {
			isa = PBXGroup;
			children = (
				FD7B77551BD38C4C0012F9E5 /* XXAutoLayout_OC.app */,
			);
			name = Products;
			sourceTree = "<group>";
		};
		FD7B77571BD38C4C0012F9E5 /* XXAutoLayout_OC */ = {
			isa = PBXGroup;
			children = (
				FD7B776F1BD38C650012F9E5 /* Source */,
				FD7B775B1BD38C4C0012F9E5 /* AppDelegate.h */,
				FD7B775C1BD38C4C0012F9E5 /* AppDelegate.m */,
				FD7B77731BD38D500012F9E5 /* TableViewController.h */,
				FD7B77741BD38D500012F9E5 /* TableViewController.m */,
				FD7B77791BD393A60012F9E5 /* NormalViewController.h */,
				FD7B777A1BD393A60012F9E5 /* NormalViewController.m */,
				FD7B777C1BD393D80012F9E5 /* FillViewController.h */,
				FD7B777D1BD393D80012F9E5 /* FillViewController.m */,
				FD7B777F1BD3940F0012F9E5 /* ChildFillViewController.h */,
				FD7B77801BD3940F0012F9E5 /* ChildFillViewController.m */,
				FD76C6531BD3B6D20065910D /* UIView+AdjustFrame.h */,
				FD76C6541BD3B6D20065910D /* UIView+AdjustFrame.m */,
				FD76C6561BD3C66C0065910D /* NVController.h */,
				FD76C6571BD3C66C0065910D /* NVController.m */,
				FD10AC7A1BEA77DE00868299 /* TestVC.h */,
				FD10AC7B1BEA77DE00868299 /* TestVC.m */,
				FD7B77611BD38C4C0012F9E5 /* Main.storyboard */,
				FD7B77641BD38C4C0012F9E5 /* Assets.xcassets */,
				FD7B77661BD38C4C0012F9E5 /* LaunchScreen.storyboard */,
				FD7B77691BD38C4C0012F9E5 /* Info.plist */,
				FD7B77581BD38C4C0012F9E5 /* Supporting Files */,
			);
			name = XXAutoLayout_OC;
			path = FFAutoLayout_OC;
			sourceTree = "<group>";
		};
		FD7B77581BD38C4C0012F9E5 /* Supporting Files */ = {
			isa = PBXGroup;
			children = (
				FD7B77591BD38C4C0012F9E5 /* main.m */,
			);
			name = "Supporting Files";
			sourceTree = "<group>";
		};
		FD7B776F1BD38C650012F9E5 /* Source */ = {
			isa = PBXGroup;
			children = (
				FD7B77701BD38CA90012F9E5 /* UIView+AutoLayout.h */,
				FD7B77711BD38CA90012F9E5 /* UIView+AutoLayout.m */,
			);
			path = Source;
			sourceTree = SOURCE_ROOT;
		};
/* End PBXGroup section */

/* Begin PBXNativeTarget section */
		FD7B77541BD38C4C0012F9E5 /* XXAutoLayout_OC */ = {
			isa = PBXNativeTarget;
			buildConfigurationList = FD7B776C1BD38C4C0012F9E5 /* Build configuration list for PBXNativeTarget "XXAutoLayout_OC" */;
			buildPhases = (
				FD7B77511BD38C4C0012F9E5 /* Sources */,
				FD7B77521BD38C4C0012F9E5 /* Frameworks */,
				FD7B77531BD38C4C0012F9E5 /* Resources */,
			);
			buildRules = (
			);
			dependencies = (
			);
			name = XXAutoLayout_OC;
			productName = FFAutoLayout_OC;
			productReference = FD7B77551BD38C4C0012F9E5 /* XXAutoLayout_OC.app */;
			productType = "com.apple.product-type.application";
		};
/* End PBXNativeTarget section */

/* Begin PBXProject section */
		FD7B774D1BD38C4C0012F9E5 /* Project object */ = {
			isa = PBXProject;
			attributes = {
				LastUpgradeCheck = 0700;
				ORGANIZATIONNAME = "Xiaofeng Li ";
				TargetAttributes = {
					FD7B77541BD38C4C0012F9E5 = {
						CreatedOnToolsVersion = 7.0.1;
						DevelopmentTeam = 3U6FXC8M2N;
					};
				};
			};
			buildConfigurationList = FD7B77501BD38C4C0012F9E5 /* Build configuration list for PBXProject "XXAutoLayout_OC" */;
			compatibilityVersion = "Xcode 3.2";
			developmentRegion = English;
			hasScannedForEncodings = 0;
			knownRegions = (
				en,
				Base,
			);
			mainGroup = FD7B774C1BD38C4C0012F9E5;
			productRefGroup = FD7B77561BD38C4C0012F9E5 /* Products */;
			projectDirPath = "";
			projectRoot = "";
			targets = (
				FD7B77541BD38C4C0012F9E5 /* XXAutoLayout_OC */,
			);
		};
/* End PBXProject section */

/* Begin PBXResourcesBuildPhase section */
		FD7B77531BD38C4C0012F9E5 /* Resources */ = {
			isa = PBXResourcesBuildPhase;
			buildActionMask = 2147483647;
			files = (
				FD7B77681BD38C4C0012F9E5 /* LaunchScreen.storyboard in Resources */,
				FD7B77651BD38C4C0012F9E5 /* Assets.xcassets in Resources */,
				FD7B77631BD38C4C0012F9E5 /* Main.storyboard in Resources */,
			);
			runOnlyForDeploymentPostprocessing = 0;
		};
/* End PBXResourcesBuildPhase section */

/* Begin PBXSourcesBuildPhase section */
		FD7B77511BD38C4C0012F9E5 /* Sources */ = {
			isa = PBXSourcesBuildPhase;
			buildActionMask = 2147483647;
			files = (
				FD7B77721BD38CA90012F9E5 /* UIView+AutoLayout.m in Sources */,
				FD76C6551BD3B6D20065910D /* UIView+AdjustFrame.m in Sources */,
				FD7B775D1BD38C4C0012F9E5 /* AppDelegate.m in Sources */,
				FD7B77811BD3940F0012F9E5 /* ChildFillViewController.m in Sources */,
				FD7B775A1BD38C4C0012F9E5 /* main.m in Sources */,
				FD7B777E1BD393D80012F9E5 /* FillViewController.m in Sources */,
				FD7B777B1BD393A60012F9E5 /* NormalViewController.m in Sources */,
				FD76C6581BD3C66C0065910D /* NVController.m in Sources */,
				FD10AC7C1BEA77DE00868299 /* TestVC.m in Sources */,
				FD7B77751BD38D500012F9E5 /* TableViewController.m in Sources */,
			);
			runOnlyForDeploymentPostprocessing = 0;
		};
/* End PBXSourcesBuildPhase section */

/* Begin PBXVariantGroup section */
		FD7B77611BD38C4C0012F9E5 /* Main.storyboard */ = {
			isa = PBXVariantGroup;
			children = (
				FD7B77621BD38C4C0012F9E5 /* Base */,
			);
			name = Main.storyboard;
			sourceTree = "<group>";
		};
		FD7B77661BD38C4C0012F9E5 /* LaunchScreen.storyboard */ = {
			isa = PBXVariantGroup;
			children = (
				FD7B77671BD38C4C0012F9E5 /* Base */,
			);
			name = LaunchScreen.storyboard;
			sourceTree = "<group>";
		};
/* End PBXVariantGroup section */

/* Begin XCBuildConfiguration section */
		FD7B776A1BD38C4C0012F9E5 /* Debug */ = {
			isa = XCBuildConfiguration;
			buildSettings = {
				ALWAYS_SEARCH_USER_PATHS = NO;
				CLANG_CXX_LANGUAGE_STANDARD = "gnu++0x";
				CLANG_CXX_LIBRARY = "libc++";
				CLANG_ENABLE_MODULES = YES;
				CLANG_ENABLE_OBJC_ARC = YES;
				CLANG_WARN_BOOL_CONVERSION = YES;
				CLANG_WARN_CONSTANT_CONVERSION = YES;
				CLANG_WARN_DIRECT_OBJC_ISA_USAGE = YES_ERROR;
				CLANG_WARN_EMPTY_BODY = YES;
				CLANG_WARN_ENUM_CONVERSION = YES;
				CLANG_WARN_INT_CONVERSION = YES;
				CLANG_WARN_OBJC_ROOT_CLASS = YES_ERROR;
				CLANG_WARN_UNREACHABLE_CODE = YES;
				CLANG_WARN__DUPLICATE_METHOD_MATCH = YES;
				"CODE_SIGN_IDENTITY[sdk=iphoneos*]" = "iPhone Developer";
				COPY_PHASE_STRIP = NO;
				DEBUG_INFORMATION_FORMAT = dwarf;
				ENABLE_STRICT_OBJC_MSGSEND = YES;
				ENABLE_TESTABILITY = YES;
				GCC_C_LANGUAGE_STANDARD = gnu99;
				GCC_DYNAMIC_NO_PIC = NO;
				GCC_NO_COMMON_BLOCKS = YES;
				GCC_OPTIMIZATION_LEVEL = 0;
				GCC_PREPROCESSOR_DEFINITIONS = (
					"DEBUG=1",
					"$(inherited)",
				);
				GCC_WARN_64_TO_32_BIT_CONVERSION = YES;
				GCC_WARN_ABOUT_RETURN_TYPE = YES_ERROR;
				GCC_WARN_UNDECLARED_SELECTOR = YES;
				GCC_WARN_UNINITIALIZED_AUTOS = YES_AGGRESSIVE;
				GCC_WARN_UNUSED_FUNCTION = YES;
				GCC_WARN_UNUSED_VARIABLE = YES;
				IPHONEOS_DEPLOYMENT_TARGET = 9.0;
				MTL_ENABLE_DEBUG_INFO = YES;
				ONLY_ACTIVE_ARCH = YES;
				SDKROOT = iphoneos;
			};
			name = Debug;
		};
		FD7B776B1BD38C4C0012F9E5 /* Release */ = {
			isa = XCBuildConfiguration;
			buildSettings = {
				ALWAYS_SEARCH_USER_PATHS = NO;
				CLANG_CXX_LANGUAGE_STANDARD = "gnu++0x";
				CLANG_CXX_LIBRARY = "libc++";
				CLANG_ENABLE_MODULES = YES;
				CLANG_ENABLE_OBJC_ARC = YES;
				CLANG_WARN_BOOL_CONVERSION = YES;
				CLANG_WARN_CONSTANT_CONVERSION = YES;
				CLANG_WARN_DIRECT_OBJC_ISA_USAGE = YES_ERROR;
				CLANG_WARN_EMPTY_BODY = YES;
				CLANG_WARN_ENUM_CONVERSION = YES;
				CLANG_WARN_INT_CONVERSION = YES;
				CLANG_WARN_OBJC_ROOT_CLASS = YES_ERROR;
				CLANG_WARN_UNREACHABLE_CODE = YES;
				CLANG_WARN__DUPLICATE_METHOD_MATCH = YES;
				"CODE_SIGN_IDENTITY[sdk=iphoneos*]" = "iPhone Developer";
				COPY_PHASE_STRIP = NO;
				DEBUG_INFORMATION_FORMAT = "dwarf-with-dsym";
				ENABLE_NS_ASSERTIONS = NO;
				ENABLE_STRICT_OBJC_MSGSEND = YES;
				GCC_C_LANGUAGE_STANDARD = gnu99;
				GCC_NO_COMMON_BLOCKS = YES;
				GCC_WARN_64_TO_32_BIT_CONVERSION = YES;
				GCC_WARN_ABOUT_RETURN_TYPE = YES_ERROR;
				GCC_WARN_UNDECLARED_SELECTOR = YES;
				GCC_WARN_UNINITIALIZED_AUTOS = YES_AGGRESSIVE;
				GCC_WARN_UNUSED_FUNCTION = YES;
				GCC_WARN_UNUSED_VARIABLE = YES;
				IPHONEOS_DEPLOYMENT_TARGET = 9.0;
				MTL_ENABLE_DEBUG_INFO = NO;
				SDKROOT = iphoneos;
				VALIDATE_PRODUCT = YES;
			};
			name = Release;
		};
		FD7B776D1BD38C4C0012F9E5 /* Debug */ = {
			isa = XCBuildConfiguration;
			buildSettings = {
				ASSETCATALOG_COMPILER_APPICON_NAME = AppIcon;
				INFOPLIST_FILE = FFAutoLayout_OC/Info.plist;
				LD_RUNPATH_SEARCH_PATHS = "$(inherited) @executable_path/Frameworks";
				PRODUCT_BUNDLE_IDENTIFIER = "com.rdxer.XXAutoLayout-OC";
				PRODUCT_NAME = XXAutoLayout_OC;
			};
			name = Debug;
		};
		FD7B776E1BD38C4C0012F9E5 /* Release */ = {
			isa = XCBuildConfiguration;
			buildSettings = {
				ASSETCATALOG_COMPILER_APPICON_NAME = AppIcon;
				INFOPLIST_FILE = FFAutoLayout_OC/Info.plist;
				LD_RUNPATH_SEARCH_PATHS = "$(inherited) @executable_path/Frameworks";
				PRODUCT_BUNDLE_IDENTIFIER = "com.rdxer.XXAutoLayout-OC";
				PRODUCT_NAME = XXAutoLayout_OC;
			};
			name = Release;
		};
/* End XCBuildConfiguration section */

/* Begin XCConfigurationList section */
		FD7B77501BD38C4C0012F9E5 /* Build configuration list for PBXProject "XXAutoLayout_OC" */ = {
			isa = XCConfigurationList;
			buildConfigurations = (
				FD7B776A1BD38C4C0012F9E5 /* Debug */,
				FD7B776B1BD38C4C0012F9E5 /* Release */,
			);
			defaultConfigurationIsVisible = 0;
			defaultConfigurationName = Release;
		};
		FD7B776C1BD38C4C0012F9E5 /* Build configuration list for PBXNativeTarget "XXAutoLayout_OC" */ = {
			isa = XCConfigurationList;
			buildConfigurations = (
				FD7B776D1BD38C4C0012F9E5 /* Debug */,
				FD7B776E1BD38C4C0012F9E5 /* Release */,
			);
			defaultConfigurationIsVisible = 0;
			defaultConfigurationName = Release;
		};
/* End XCConfigurationList section */
	};
	rootObject = FD7B774D1BD38C4C0012F9E5 /* Project object */;
}
